
Microsoft Visual Studio Solution File, Format Version 12.00
# Visual Studio Version 17
VisualStudioVersion = 17.6.33829.357
MinimumVisualStudioVersion = 10.0.40219.1
Project("{FAE04EC0-301F-11D3-BF4B-00C04F79EFBC}") = "APISuperHero", "APISuperHero\APISuperHero.csproj", "{0B95E5AF-5221-46F2-A25C-A9EC1539E874}"
EndProject
Global
	GlobalSection(SolutionConfigurationPlatforms) = preSolution
		Debug|Any CPU = Debug|Any CPU
		Release|Any CPU = Release|Any CPU
	EndGlobalSection
	GlobalSection(ProjectConfigurationPlatforms) = postSolution
		{0B95E5AF-5221-46F2-A25C-A9EC1539E874}.Debug|Any CPU.ActiveCfg = Debug|Any CPU
		{0B95E5AF-5221-46F2-A25C-A9EC1539E874}.Debug|Any CPU.Build.0 = Debug|Any CPU
		{0B95E5AF-5221-46F2-A25C-A9EC1539E874}.Release|Any CPU.ActiveCfg = Release|Any CPU
		{0B95E5AF-5221-46F2-A25C-A9EC1539E874}.Release|Any CPU.Build.0 = Release|Any CPU
	EndGlobalSection
	GlobalSection(SolutionProperties) = preSolution
		HideSolutionNode = FALSE
	EndGlobalSection
	GlobalSection(ExtensibilityGlobals) = postSolution
		SolutionGuid = {8CED0E0E-F6C5-4D8B-87CE-FAB2E852B35E}
	EndGlobalSection
EndGlobal
